
Microsoft Visual Studio Solution File, Format Version 12.00
# Visual Studio Version 17
VisualStudioVersion = 17.14.36203.30
MinimumVisualStudioVersion = 10.0.40219.1
Project("{FAE04EC0-301F-11D3-BF4B-00C04F79EFBC}") = "泛用基督教會會員管理系統DAL", "DAL_AllPurposeChurchMemberControl\泛用基督教會會員管理系統DAL.csproj", "{B03F2383-28AD-99F8-A168-090A63A0870D}"
EndProject
Project("{FAE04EC0-301F-11D3-BF4B-00C04F79EFBC}") = "泛用基督教會會員管理系統通用API", "API_AllPurposeChurchMemberControl\泛用基督教會會員管理系統通用API.csproj", "{7B9505AD-4B2C-3B38-53E1-0052ECA9DEC7}"
EndProject
Project("{FAE04EC0-301F-11D3-BF4B-00C04F79EFBC}") = "Form式泛用基督教會會員管理系統", "Form式泛用基督教會會員管理系統\Form式泛用基督教會會員管理系統.csproj", "{70F13CC1-1104-4122-9F86-DF4E4770A13B}"
EndProject
Project("{FAE04EC0-301F-11D3-BF4B-00C04F79EFBC}") = "泛用基督教會會員管理系統WEBAPI", "WEBAPI_ChristianChurchMemberSystem\泛用基督教會會員管理系統WEBAPI.csproj", "{0EA7E18F-BA47-429D-A445-9E19C504BACE}"
EndProject
Project("{54A90642-561A-4BB1-A94E-469ADEE60C69}") = "Angular_ChristianChurchMemberSystem", "Angular_ChristianChurchMemberSystem\Angular_ChristianChurchMemberSystem.esproj", "{0ABE2237-C740-32E3-361B-5C60180238EA}"
EndProject
Project("{888888A0-9F3D-457C-B088-3A5042F75D52}") = "Django式泛用基督教會會員管理系統前端", "Django式泛用基督教會會員管理系統前端\Django式泛用基督教會會員管理系統前端.pyproj", "{C91BCB53-794C-4FB1-89EC-79BBCA97972C}"
EndProject
Project("{54A90642-561A-4BB1-A94E-469ADEE60C69}") = "react_christianchurchmembersystem", "React_ChristianChurchMemberSystem\react_christianchurchmembersystem.esproj", "{07F49239-DCCE-5DD5-4C5F-DC3441E2A48D}"
EndProject
Global
	GlobalSection(SolutionConfigurationPlatforms) = preSolution
		Debug|Any CPU = Debug|Any CPU
		Debug|x64 = Debug|x64
		Debug|x86 = Debug|x86
		Release|Any CPU = Release|Any CPU
		Release|x64 = Release|x64
		Release|x86 = Release|x86
	EndGlobalSection
	GlobalSection(ProjectConfigurationPlatforms) = postSolution
		{B03F2383-28AD-99F8-A168-090A63A0870D}.Debug|Any CPU.ActiveCfg = Debug|Any CPU
		{B03F2383-28AD-99F8-A168-090A63A0870D}.Debug|Any CPU.Build.0 = Debug|Any CPU
		{B03F2383-28AD-99F8-A168-090A63A0870D}.Debug|x64.ActiveCfg = Debug|Any CPU
		{B03F2383-28AD-99F8-A168-090A63A0870D}.Debug|x64.Build.0 = Debug|Any CPU
		{B03F2383-28AD-99F8-A168-090A63A0870D}.Debug|x86.ActiveCfg = Debug|Any CPU
		{B03F2383-28AD-99F8-A168-090A63A0870D}.Debug|x86.Build.0 = Debug|Any CPU
		{B03F2383-28AD-99F8-A168-090A63A0870D}.Release|Any CPU.ActiveCfg = Release|Any CPU
		{B03F2383-28AD-99F8-A168-090A63A0870D}.Release|Any CPU.Build.0 = Release|Any CPU
		{B03F2383-28AD-99F8-A168-090A63A0870D}.Release|x64.ActiveCfg = Release|Any CPU
		{B03F2383-28AD-99F8-A168-090A63A0870D}.Release|x64.Build.0 = Release|Any CPU
		{B03F2383-28AD-99F8-A168-090A63A0870D}.Release|x86.ActiveCfg = Release|Any CPU
		{B03F2383-28AD-99F8-A168-090A63A0870D}.Release|x86.Build.0 = Release|Any CPU
		{7B9505AD-4B2C-3B38-53E1-0052ECA9DEC7}.Debug|Any CPU.ActiveCfg = Debug|Any CPU
		{7B9505AD-4B2C-3B38-53E1-0052ECA9DEC7}.Debug|Any CPU.Build.0 = Debug|Any CPU
		{7B9505AD-4B2C-3B38-53E1-0052ECA9DEC7}.Debug|x64.ActiveCfg = Debug|Any CPU
		{7B9505AD-4B2C-3B38-53E1-0052ECA9DEC7}.Debug|x64.Build.0 = Debug|Any CPU
		{7B9505AD-4B2C-3B38-53E1-0052ECA9DEC7}.Debug|x86.ActiveCfg = Debug|Any CPU
		{7B9505AD-4B2C-3B38-53E1-0052ECA9DEC7}.Debug|x86.Build.0 = Debug|Any CPU
		{7B9505AD-4B2C-3B38-53E1-0052ECA9DEC7}.Release|Any CPU.ActiveCfg = Release|Any CPU
		{7B9505AD-4B2C-3B38-53E1-0052ECA9DEC7}.Release|Any CPU.Build.0 = Release|Any CPU
		{7B9505AD-4B2C-3B38-53E1-0052ECA9DEC7}.Release|x64.ActiveCfg = Release|Any CPU
		{7B9505AD-4B2C-3B38-53E1-0052ECA9DEC7}.Release|x64.Build.0 = Release|Any CPU
		{7B9505AD-4B2C-3B38-53E1-0052ECA9DEC7}.Release|x86.ActiveCfg = Release|Any CPU
		{7B9505AD-4B2C-3B38-53E1-0052ECA9DEC7}.Release|x86.Build.0 = Release|Any CPU
		{70F13CC1-1104-4122-9F86-DF4E4770A13B}.Debug|Any CPU.ActiveCfg = Debug|Any CPU
		{70F13CC1-1104-4122-9F86-DF4E4770A13B}.Debug|Any CPU.Build.0 = Debug|Any CPU
		{70F13CC1-1104-4122-9F86-DF4E4770A13B}.Debug|x64.ActiveCfg = Debug|Any CPU
		{70F13CC1-1104-4122-9F86-DF4E4770A13B}.Debug|x64.Build.0 = Debug|Any CPU
		{70F13CC1-1104-4122-9F86-DF4E4770A13B}.Debug|x86.ActiveCfg = Debug|Any CPU
		{70F13CC1-1104-4122-9F86-DF4E4770A13B}.Debug|x86.Build.0 = Debug|Any CPU
		{70F13CC1-1104-4122-9F86-DF4E4770A13B}.Release|Any CPU.ActiveCfg = Release|Any CPU
		{70F13CC1-1104-4122-9F86-DF4E4770A13B}.Release|Any CPU.Build.0 = Release|Any CPU
		{70F13CC1-1104-4122-9F86-DF4E4770A13B}.Release|x64.ActiveCfg = Release|Any CPU
		{70F13CC1-1104-4122-9F86-DF4E4770A13B}.Release|x64.Build.0 = Release|Any CPU
		{70F13CC1-1104-4122-9F86-DF4E4770A13B}.Release|x86.ActiveCfg = Release|Any CPU
		{70F13CC1-1104-4122-9F86-DF4E4770A13B}.Release|x86.Build.0 = Release|Any CPU
		{0EA7E18F-BA47-429D-A445-9E19C504BACE}.Debug|Any CPU.ActiveCfg = Debug|Any CPU
		{0EA7E18F-BA47-429D-A445-9E19C504BACE}.Debug|Any CPU.Build.0 = Debug|Any CPU
		{0EA7E18F-BA47-429D-A445-9E19C504BACE}.Debug|x64.ActiveCfg = Debug|Any CPU
		{0EA7E18F-BA47-429D-A445-9E19C504BACE}.Debug|x64.Build.0 = Debug|Any CPU
		{0EA7E18F-BA47-429D-A445-9E19C504BACE}.Debug|x86.ActiveCfg = Debug|Any CPU
		{0EA7E18F-BA47-429D-A445-9E19C504BACE}.Debug|x86.Build.0 = Debug|Any CPU
		{0EA7E18F-BA47-429D-A445-9E19C504BACE}.Release|Any CPU.ActiveCfg = Release|Any CPU
		{0EA7E18F-BA47-429D-A445-9E19C504BACE}.Release|Any CPU.Build.0 = Release|Any CPU
		{0EA7E18F-BA47-429D-A445-9E19C504BACE}.Release|x64.ActiveCfg = Release|Any CPU
		{0EA7E18F-BA47-429D-A445-9E19C504BACE}.Release|x64.Build.0 = Release|Any CPU
		{0EA7E18F-BA47-429D-A445-9E19C504BACE}.Release|x86.ActiveCfg = Release|Any CPU
		{0EA7E18F-BA47-429D-A445-9E19C504BACE}.Release|x86.Build.0 = Release|Any CPU
		{0ABE2237-C740-32E3-361B-5C60180238EA}.Debug|Any CPU.ActiveCfg = Debug|Any CPU
		{0ABE2237-C740-32E3-361B-5C60180238EA}.Debug|Any CPU.Build.0 = Debug|Any CPU
		{0ABE2237-C740-32E3-361B-5C60180238EA}.Debug|Any CPU.Deploy.0 = Debug|Any CPU
		{0ABE2237-C740-32E3-361B-5C60180238EA}.Debug|x64.ActiveCfg = Debug|Any CPU
		{0ABE2237-C740-32E3-361B-5C60180238EA}.Debug|x64.Build.0 = Debug|Any CPU
		{0ABE2237-C740-32E3-361B-5C60180238EA}.Debug|x64.Deploy.0 = Debug|Any CPU
		{0ABE2237-C740-32E3-361B-5C60180238EA}.Debug|x86.ActiveCfg = Debug|Any CPU
		{0ABE2237-C740-32E3-361B-5C60180238EA}.Debug|x86.Build.0 = Debug|Any CPU
		{0ABE2237-C740-32E3-361B-5C60180238EA}.Debug|x86.Deploy.0 = Debug|Any CPU
		{0ABE2237-C740-32E3-361B-5C60180238EA}.Release|Any CPU.ActiveCfg = Release|Any CPU
		{0ABE2237-C740-32E3-361B-5C60180238EA}.Release|Any CPU.Build.0 = Release|Any CPU
		{0ABE2237-C740-32E3-361B-5C60180238EA}.Release|Any CPU.Deploy.0 = Release|Any CPU
		{0ABE2237-C740-32E3-361B-5C60180238EA}.Release|x64.ActiveCfg = Release|Any CPU
		{0ABE2237-C740-32E3-361B-5C60180238EA}.Release|x64.Build.0 = Release|Any CPU
		{0ABE2237-C740-32E3-361B-5C60180238EA}.Release|x64.Deploy.0 = Release|Any CPU
		{0ABE2237-C740-32E3-361B-5C60180238EA}.Release|x86.ActiveCfg = Release|Any CPU
		{0ABE2237-C740-32E3-361B-5C60180238EA}.Release|x86.Build.0 = Release|Any CPU
		{0ABE2237-C740-32E3-361B-5C60180238EA}.Release|x86.Deploy.0 = Release|Any CPU
		{C91BCB53-794C-4FB1-89EC-79BBCA97972C}.Debug|Any CPU.ActiveCfg = Debug|Any CPU
		{C91BCB53-794C-4FB1-89EC-79BBCA97972C}.Debug|Any CPU.Build.0 = Debug|Any CPU
		{C91BCB53-794C-4FB1-89EC-79BBCA97972C}.Debug|x64.ActiveCfg = Debug|Any CPU
		{C91BCB53-794C-4FB1-89EC-79BBCA97972C}.Debug|x64.Build.0 = Debug|Any CPU
		{C91BCB53-794C-4FB1-89EC-79BBCA97972C}.Debug|x86.ActiveCfg = Debug|Any CPU
		{C91BCB53-794C-4FB1-89EC-79BBCA97972C}.Debug|x86.Build.0 = Debug|Any CPU
		{C91BCB53-794C-4FB1-89EC-79BBCA97972C}.Release|Any CPU.ActiveCfg = Release|Any CPU
		{C91BCB53-794C-4FB1-89EC-79BBCA97972C}.Release|Any CPU.Build.0 = Release|Any CPU
		{C91BCB53-794C-4FB1-89EC-79BBCA97972C}.Release|x64.ActiveCfg = Release|Any CPU
		{C91BCB53-794C-4FB1-89EC-79BBCA97972C}.Release|x64.Build.0 = Release|Any CPU
		{C91BCB53-794C-4FB1-89EC-79BBCA97972C}.Release|x86.ActiveCfg = Release|Any CPU
		{C91BCB53-794C-4FB1-89EC-79BBCA97972C}.Release|x86.Build.0 = Release|Any CPU
		{07F49239-DCCE-5DD5-4C5F-DC3441E2A48D}.Debug|Any CPU.ActiveCfg = Debug|Any CPU
		{07F49239-DCCE-5DD5-4C5F-DC3441E2A48D}.Debug|Any CPU.Build.0 = Debug|Any CPU
		{07F49239-DCCE-5DD5-4C5F-DC3441E2A48D}.Debug|Any CPU.Deploy.0 = Debug|Any CPU
		{07F49239-DCCE-5DD5-4C5F-DC3441E2A48D}.Debug|x64.ActiveCfg = Debug|Any CPU
		{07F49239-DCCE-5DD5-4C5F-DC3441E2A48D}.Debug|x64.Build.0 = Debug|Any CPU
		{07F49239-DCCE-5DD5-4C5F-DC3441E2A48D}.Debug|x64.Deploy.0 = Debug|Any CPU
		{07F49239-DCCE-5DD5-4C5F-DC3441E2A48D}.Debug|x86.ActiveCfg = Debug|Any CPU
		{07F49239-DCCE-5DD5-4C5F-DC3441E2A48D}.Debug|x86.Build.0 = Debug|Any CPU
		{07F49239-DCCE-5DD5-4C5F-DC3441E2A48D}.Debug|x86.Deploy.0 = Debug|Any CPU
		{07F49239-DCCE-5DD5-4C5F-DC3441E2A48D}.Release|Any CPU.ActiveCfg = Release|Any CPU
		{07F49239-DCCE-5DD5-4C5F-DC3441E2A48D}.Release|Any CPU.Build.0 = Release|Any CPU
		{07F49239-DCCE-5DD5-4C5F-DC3441E2A48D}.Release|Any CPU.Deploy.0 = Release|Any CPU
		{07F49239-DCCE-5DD5-4C5F-DC3441E2A48D}.Release|x64.ActiveCfg = Release|Any CPU
		{07F49239-DCCE-5DD5-4C5F-DC3441E2A48D}.Release|x64.Build.0 = Release|Any CPU
		{07F49239-DCCE-5DD5-4C5F-DC3441E2A48D}.Release|x64.Deploy.0 = Release|Any CPU
		{07F49239-DCCE-5DD5-4C5F-DC3441E2A48D}.Release|x86.ActiveCfg = Release|Any CPU
		{07F49239-DCCE-5DD5-4C5F-DC3441E2A48D}.Release|x86.Build.0 = Release|Any CPU
		{07F49239-DCCE-5DD5-4C5F-DC3441E2A48D}.Release|x86.Deploy.0 = Release|Any CPU
	EndGlobalSection
	GlobalSection(SolutionProperties) = preSolution
		HideSolutionNode = FALSE
	EndGlobalSection
	GlobalSection(ExtensibilityGlobals) = postSolution
		SolutionGuid = {D1F000F6-8167-4090-9E24-196A2F65C79B}
	EndGlobalSection
EndGlobal
