
Microsoft Visual Studio Solution File, Format Version 12.00
# Visual Studio Version 17
VisualStudioVersion = 17.14.36203.30 d17.14
MinimumVisualStudioVersion = 10.0.40219.1
Project("{FAE04EC0-301F-11D3-BF4B-00C04F79EFBC}") = "泛用基督教會會員管理系統DAL", "泛用基督教會會員管理系統DAL.csproj", "{B03F2383-28AD-99F8-A168-090A63A0870D}"
EndProject
Global
	GlobalSection(SolutionConfigurationPlatforms) = preSolution
		Debug|Any CPU = Debug|Any CPU
		Release|Any CPU = Release|Any CPU
	EndGlobalSection
	GlobalSection(ProjectConfigurationPlatforms) = postSolution
		{B03F2383-28AD-99F8-A168-090A63A0870D}.Debug|Any CPU.ActiveCfg = Debug|Any CPU
		{B03F2383-28AD-99F8-A168-090A63A0870D}.Debug|Any CPU.Build.0 = Debug|Any CPU
		{B03F2383-28AD-99F8-A168-090A63A0870D}.Release|Any CPU.ActiveCfg = Release|Any CPU
		{B03F2383-28AD-99F8-A168-090A63A0870D}.Release|Any CPU.Build.0 = Release|Any CPU
	EndGlobalSection
	GlobalSection(SolutionProperties) = preSolution
		HideSolutionNode = FALSE
	EndGlobalSection
	GlobalSection(ExtensibilityGlobals) = postSolution
		SolutionGuid = {D11EC97A-CC11-498B-9DCE-21AE2A64090A}
	EndGlobalSection
EndGlobal
